// !$*UTF8*$!
{
	archiveVersion = 1;
	classes = {
	};
	objectVersion = 50;
	objects = {

/* Begin PBXBuildFile section */
		41CEA3B926734EC4008F43E3 /* Make_Your_ChordApp.swift in Sources */ = {isa = PBXBuildFile; fileRef = 41CEA3B826734EC4008F43E3 /* Make_Your_ChordApp.swift */; };
		41CEA3BB26734EC4008F43E3 /* ContentView.swift in Sources */ = {isa = PBXBuildFile; fileRef = 41CEA3BA26734EC4008F43E3 /* ContentView.swift */; };
		41CEA3BD26734EC6008F43E3 /* Assets.xcassets in Resources */ = {isa = PBXBuildFile; fileRef = 41CEA3BC26734EC6008F43E3 /* Assets.xcassets */; };
		41CEA3C026734EC6008F43E3 /* Preview Assets.xcassets in Resources */ = {isa = PBXBuildFile; fileRef = 41CEA3BF26734EC6008F43E3 /* Preview Assets.xcassets */; };
		41CEA3C826734F66008F43E3 /* Mary_had_a_little_lamb.wav in Resources */ = {isa = PBXBuildFile; fileRef = 41CEA3C726734F66008F43E3 /* Mary_had_a_little_lamb.wav */; };
		41CEA3CC26734F9D008F43E3 /* Home.swift in Sources */ = {isa = PBXBuildFile; fileRef = 41CEA3CB26734F9D008F43E3 /* Home.swift */; };
		41CEA3CE26734FF3008F43E3 /* MainView.swift in Sources */ = {isa = PBXBuildFile; fileRef = 41CEA3CD26734FF3008F43E3 /* MainView.swift */; };
		41CEA3D226735043008F43E3 /* TabButton.swift in Sources */ = {isa = PBXBuildFile; fileRef = 41CEA3D126735043008F43E3 /* TabButton.swift */; };
		41CEA3D42673505A008F43E3 /* CustomCorners.swift in Sources */ = {isa = PBXBuildFile; fileRef = 41CEA3D32673505A008F43E3 /* CustomCorners.swift */; };
		41CEA3D626735071008F43E3 /* SideMenu.swift in Sources */ = {isa = PBXBuildFile; fileRef = 41CEA3D526735071008F43E3 /* SideMenu.swift */; };
		41CEA3D8267350C2008F43E3 /* DownloadProgressView.swift in Sources */ = {isa = PBXBuildFile; fileRef = 41CEA3D7267350C2008F43E3 /* DownloadProgressView.swift */; };
		41CEA3DA267350DE008F43E3 /* DownloadTaskModel.swift in Sources */ = {isa = PBXBuildFile; fileRef = 41CEA3D9267350DE008F43E3 /* DownloadTaskModel.swift */; };
		41CEA3DD2673BD0E008F43E3 /* School_bell.wav in Resources */ = {isa = PBXBuildFile; fileRef = 41CEA3DB2673BD0E008F43E3 /* School_bell.wav */; };
		41CEA3DE2673BD0E008F43E3 /* Twinkle_Twinkle_Little_Star.wav in Resources */ = {isa = PBXBuildFile; fileRef = 41CEA3DC2673BD0E008F43E3 /* Twinkle_Twinkle_Little_Star.wav */; };
/* End PBXBuildFile section */

/* Begin PBXFileReference section */
		41CEA3B526734EC4008F43E3 /* Make Your Chord.app */ = {isa = PBXFileReference; explicitFileType = wrapper.application; includeInIndex = 0; path = "Make Your Chord.app"; sourceTree = BUILT_PRODUCTS_DIR; };
		41CEA3B826734EC4008F43E3 /* Make_Your_ChordApp.swift */ = {isa = PBXFileReference; lastKnownFileType = sourcecode.swift; path = Make_Your_ChordApp.swift; sourceTree = "<group>"; };
		41CEA3BA26734EC4008F43E3 /* ContentView.swift */ = {isa = PBXFileReference; lastKnownFileType = sourcecode.swift; path = ContentView.swift; sourceTree = "<group>"; };
		41CEA3BC26734EC6008F43E3 /* Assets.xcassets */ = {isa = PBXFileReference; lastKnownFileType = folder.assetcatalog; path = Assets.xcassets; sourceTree = "<group>"; };
		41CEA3BF26734EC6008F43E3 /* Preview Assets.xcassets */ = {isa = PBXFileReference; lastKnownFileType = folder.assetcatalog; path = "Preview Assets.xcassets"; sourceTree = "<group>"; };
		41CEA3C126734EC6008F43E3 /* Info.plist */ = {isa = PBXFileReference; lastKnownFileType = text.plist.xml; path = Info.plist; sourceTree = "<group>"; };
		41CEA3C726734F66008F43E3 /* Mary_had_a_little_lamb.wav */ = {isa = PBXFileReference; lastKnownFileType = audio.wav; path = Mary_had_a_little_lamb.wav; sourceTree = "<group>"; };
		41CEA3CB26734F9D008F43E3 /* Home.swift */ = {isa = PBXFileReference; lastKnownFileType = sourcecode.swift; path = Home.swift; sourceTree = "<group>"; };
		41CEA3CD26734FF3008F43E3 /* MainView.swift */ = {isa = PBXFileReference; lastKnownFileType = sourcecode.swift; path = MainView.swift; sourceTree = "<group>"; };
		41CEA3D126735043008F43E3 /* TabButton.swift */ = {isa = PBXFileReference; lastKnownFileType = sourcecode.swift; path = TabButton.swift; sourceTree = "<group>"; };
		41CEA3D32673505A008F43E3 /* CustomCorners.swift */ = {isa = PBXFileReference; lastKnownFileType = sourcecode.swift; path = CustomCorners.swift; sourceTree = "<group>"; };
		41CEA3D526735071008F43E3 /* SideMenu.swift */ = {isa = PBXFileReference; lastKnownFileType = sourcecode.swift; path = SideMenu.swift; sourceTree = "<group>"; };
		41CEA3D7267350C2008F43E3 /* DownloadProgressView.swift */ = {isa = PBXFileReference; lastKnownFileType = sourcecode.swift; path = DownloadProgressView.swift; sourceTree = "<group>"; };
		41CEA3D9267350DE008F43E3 /* DownloadTaskModel.swift */ = {isa = PBXFileReference; lastKnownFileType = sourcecode.swift; path = DownloadTaskModel.swift; sourceTree = "<group>"; };
		41CEA3DB2673BD0E008F43E3 /* School_bell.wav */ = {isa = PBXFileReference; lastKnownFileType = audio.wav; path = School_bell.wav; sourceTree = "<group>"; };
		41CEA3DC2673BD0E008F43E3 /* Twinkle_Twinkle_Little_Star.wav */ = {isa = PBXFileReference; lastKnownFileType = audio.wav; path = Twinkle_Twinkle_Little_Star.wav; sourceTree = "<group>"; };
/* End PBXFileReference section */

/* Begin PBXFrameworksBuildPhase section */
		41CEA3B226734EC4008F43E3 /* Frameworks */ = {
			isa = PBXFrameworksBuildPhase;
			buildActionMask = 2147483647;
			files = (
			);
			runOnlyForDeploymentPostprocessing = 0;
		};
/* End PBXFrameworksBuildPhase section */

/* Begin PBXGroup section */
		41CEA3AC26734EC3008F43E3 = {
			isa = PBXGroup;
			children = (
				41CEA3B726734EC4008F43E3 /* Make Your Chord */,
				41CEA3B626734EC4008F43E3 /* Products */,
			);
			sourceTree = "<group>";
		};
		41CEA3B626734EC4008F43E3 /* Products */ = {
			isa = PBXGroup;
			children = (
				41CEA3B526734EC4008F43E3 /* Make Your Chord.app */,
			);
			name = Products;
			sourceTree = "<group>";
		};
		41CEA3B726734EC4008F43E3 /* Make Your Chord */ = {
			isa = PBXGroup;
			children = (
				41CEA3D026735021008F43E3 /* wav */,
				41CEA3CF2673500C008F43E3 /* View */,
				41CEA3B826734EC4008F43E3 /* Make_Your_ChordApp.swift */,
				41CEA3BA26734EC4008F43E3 /* ContentView.swift */,
				41CEA3BC26734EC6008F43E3 /* Assets.xcassets */,
				41CEA3C126734EC6008F43E3 /* Info.plist */,
				41CEA3BE26734EC6008F43E3 /* Preview Content */,
			);
			path = "Make Your Chord";
			sourceTree = "<group>";
		};
		41CEA3BE26734EC6008F43E3 /* Preview Content */ = {
			isa = PBXGroup;
			children = (
				41CEA3BF26734EC6008F43E3 /* Preview Assets.xcassets */,
			);
			path = "Preview Content";
			sourceTree = "<group>";
		};
		41CEA3CF2673500C008F43E3 /* View */ = {
			isa = PBXGroup;
			children = (
				41CEA3CB26734F9D008F43E3 /* Home.swift */,
				41CEA3D7267350C2008F43E3 /* DownloadProgressView.swift */,
				41CEA3D9267350DE008F43E3 /* DownloadTaskModel.swift */,
				41CEA3CD26734FF3008F43E3 /* MainView.swift */,
				41CEA3D126735043008F43E3 /* TabButton.swift */,
				41CEA3D32673505A008F43E3 /* CustomCorners.swift */,
				41CEA3D526735071008F43E3 /* SideMenu.swift */,
			);
			name = View;
			sourceTree = "<group>";
		};
		41CEA3D026735021008F43E3 /* wav */ = {
			isa = PBXGroup;
			children = (
				41CEA3C726734F66008F43E3 /* Mary_had_a_little_lamb.wav */,
				41CEA3DB2673BD0E008F43E3 /* School_bell.wav */,
				41CEA3DC2673BD0E008F43E3 /* Twinkle_Twinkle_Little_Star.wav */,
			);
			name = wav;
			sourceTree = "<group>";
		};
/* End PBXGroup section */

/* Begin PBXNativeTarget section */
		41CEA3B426734EC4008F43E3 /* Make Your Chord */ = {
			isa = PBXNativeTarget;
			buildConfigurationList = 41CEA3C426734EC6008F43E3 /* Build configuration list for PBXNativeTarget "Make Your Chord" */;
			buildPhases = (
				41CEA3B126734EC4008F43E3 /* Sources */,
				41CEA3B226734EC4008F43E3 /* Frameworks */,
				41CEA3B326734EC4008F43E3 /* Resources */,
			);
			buildRules = (
			);
			dependencies = (
			);
			name = "Make Your Chord";
			productName = "Make Your Chord";
			productReference = 41CEA3B526734EC4008F43E3 /* Make Your Chord.app */;
			productType = "com.apple.product-type.application";
		};
/* End PBXNativeTarget section */

/* Begin PBXProject section */
		41CEA3AD26734EC3008F43E3 /* Project object */ = {
			isa = PBXProject;
			attributes = {
				LastSwiftUpdateCheck = 1250;
				LastUpgradeCheck = 1250;
				TargetAttributes = {
					41CEA3B426734EC4008F43E3 = {
						CreatedOnToolsVersion = 12.5;
					};
				};
			};
			buildConfigurationList = 41CEA3B026734EC3008F43E3 /* Build configuration list for PBXProject "Make Your Chord" */;
			compatibilityVersion = "Xcode 9.3";
			developmentRegion = en;
			hasScannedForEncodings = 0;
			knownRegions = (
				en,
				Base,
			);
			mainGroup = 41CEA3AC26734EC3008F43E3;
			productRefGroup = 41CEA3B626734EC4008F43E3 /* Products */;
			projectDirPath = "";
			projectRoot = "";
			targets = (
				41CEA3B426734EC4008F43E3 /* Make Your Chord */,
			);
		};
/* End PBXProject section */

/* Begin PBXResourcesBuildPhase section */
		41CEA3B326734EC4008F43E3 /* Resources */ = {
			isa = PBXResourcesBuildPhase;
			buildActionMask = 2147483647;
			files = (
				41CEA3C026734EC6008F43E3 /* Preview Assets.xcassets in Resources */,
				41CEA3DD2673BD0E008F43E3 /* School_bell.wav in Resources */,
				41CEA3BD26734EC6008F43E3 /* Assets.xcassets in Resources */,
				41CEA3DE2673BD0E008F43E3 /* Twinkle_Twinkle_Little_Star.wav in Resources */,
				41CEA3C826734F66008F43E3 /* Mary_had_a_little_lamb.wav in Resources */,
			);
			runOnlyForDeploymentPostprocessing = 0;
		};
/* End PBXResourcesBuildPhase section */

/* Begin PBXSourcesBuildPhase section */
		41CEA3B126734EC4008F43E3 /* Sources */ = {
			isa = PBXSourcesBuildPhase;
			buildActionMask = 2147483647;
			files = (
				41CEA3BB26734EC4008F43E3 /* ContentView.swift in Sources */,
				41CEA3D42673505A008F43E3 /* CustomCorners.swift in Sources */,
				41CEA3CE26734FF3008F43E3 /* MainView.swift in Sources */,
				41CEA3D626735071008F43E3 /* SideMenu.swift in Sources */,
				41CEA3CC26734F9D008F43E3 /* Home.swift in Sources */,
				41CEA3DA267350DE008F43E3 /* DownloadTaskModel.swift in Sources */,
				41CEA3D8267350C2008F43E3 /* DownloadProgressView.swift in Sources */,
				41CEA3D226735043008F43E3 /* TabButton.swift in Sources */,
				41CEA3B926734EC4008F43E3 /* Make_Your_ChordApp.swift in Sources */,
			);
			runOnlyForDeploymentPostprocessing = 0;
		};
/* End PBXSourcesBuildPhase section */

/* Begin XCBuildConfiguration section */
		41CEA3C226734EC6008F43E3 /* Debug */ = {
			isa = XCBuildConfiguration;
			buildSettings = {
				ALWAYS_SEARCH_USER_PATHS = NO;
				CLANG_ANALYZER_NONNULL = YES;
				CLANG_ANALYZER_NUMBER_OBJECT_CONVERSION = YES_AGGRESSIVE;
				CLANG_CXX_LANGUAGE_STANDARD = "gnu++14";
				CLANG_CXX_LIBRARY = "libc++";
				CLANG_ENABLE_MODULES = YES;
				CLANG_ENABLE_OBJC_ARC = YES;
				CLANG_ENABLE_OBJC_WEAK = YES;
				CLANG_WARN_BLOCK_CAPTURE_AUTORELEASING = YES;
				CLANG_WARN_BOOL_CONVERSION = YES;
				CLANG_WARN_COMMA = YES;
				CLANG_WARN_CONSTANT_CONVERSION = YES;
				CLANG_WARN_DEPRECATED_OBJC_IMPLEMENTATIONS = YES;
				CLANG_WARN_DIRECT_OBJC_ISA_USAGE = YES_ERROR;
				CLANG_WARN_DOCUMENTATION_COMMENTS = YES;
				CLANG_WARN_EMPTY_BODY = YES;
				CLANG_WARN_ENUM_CONVERSION = YES;
				CLANG_WARN_INFINITE_RECURSION = YES;
				CLANG_WARN_INT_CONVERSION = YES;
				CLANG_WARN_NON_LITERAL_NULL_CONVERSION = YES;
				CLANG_WARN_OBJC_IMPLICIT_RETAIN_SELF = YES;
				CLANG_WARN_OBJC_LITERAL_CONVERSION = YES;
				CLANG_WARN_OBJC_ROOT_CLASS = YES_ERROR;
				CLANG_WARN_QUOTED_INCLUDE_IN_FRAMEWORK_HEADER = YES;
				CLANG_WARN_RANGE_LOOP_ANALYSIS = YES;
				CLANG_WARN_STRICT_PROTOTYPES = YES;
				CLANG_WARN_SUSPICIOUS_MOVE = YES;
				CLANG_WARN_UNGUARDED_AVAILABILITY = YES_AGGRESSIVE;
				CLANG_WARN_UNREACHABLE_CODE = YES;
				CLANG_WARN__DUPLICATE_METHOD_MATCH = YES;
				COPY_PHASE_STRIP = NO;
				DEBUG_INFORMATION_FORMAT = dwarf;
				ENABLE_STRICT_OBJC_MSGSEND = YES;
				ENABLE_TESTABILITY = YES;
				GCC_C_LANGUAGE_STANDARD = gnu11;
				GCC_DYNAMIC_NO_PIC = NO;
				GCC_NO_COMMON_BLOCKS = YES;
				GCC_OPTIMIZATION_LEVEL = 0;
				GCC_PREPROCESSOR_DEFINITIONS = (
					"DEBUG=1",
					"$(inherited)",
				);
				GCC_WARN_64_TO_32_BIT_CONVERSION = YES;
				GCC_WARN_ABOUT_RETURN_TYPE = YES_ERROR;
				GCC_WARN_UNDECLARED_SELECTOR = YES;
				GCC_WARN_UNINITIALIZED_AUTOS = YES_AGGRESSIVE;
				GCC_WARN_UNUSED_FUNCTION = YES;
				GCC_WARN_UNUSED_VARIABLE = YES;
				IPHONEOS_DEPLOYMENT_TARGET = 14.5;
				MTL_ENABLE_DEBUG_INFO = INCLUDE_SOURCE;
				MTL_FAST_MATH = YES;
				ONLY_ACTIVE_ARCH = YES;
				SDKROOT = iphoneos;
				SWIFT_ACTIVE_COMPILATION_CONDITIONS = DEBUG;
				SWIFT_OPTIMIZATION_LEVEL = "-Onone";
			};
			name = Debug;
		};
		41CEA3C326734EC6008F43E3 /* Release */ = {
			isa = XCBuildConfiguration;
			buildSettings = {
				ALWAYS_SEARCH_USER_PATHS = NO;
				CLANG_ANALYZER_NONNULL = YES;
				CLANG_ANALYZER_NUMBER_OBJECT_CONVERSION = YES_AGGRESSIVE;
				CLANG_CXX_LANGUAGE_STANDARD = "gnu++14";
				CLANG_CXX_LIBRARY = "libc++";
				CLANG_ENABLE_MODULES = YES;
				CLANG_ENABLE_OBJC_ARC = YES;
				CLANG_ENABLE_OBJC_WEAK = YES;
				CLANG_WARN_BLOCK_CAPTURE_AUTORELEASING = YES;
				CLANG_WARN_BOOL_CONVERSION = YES;
				CLANG_WARN_COMMA = YES;
				CLANG_WARN_CONSTANT_CONVERSION = YES;
				CLANG_WARN_DEPRECATED_OBJC_IMPLEMENTATIONS = YES;
				CLANG_WARN_DIRECT_OBJC_ISA_USAGE = YES_ERROR;
				CLANG_WARN_DOCUMENTATION_COMMENTS = YES;
				CLANG_WARN_EMPTY_BODY = YES;
				CLANG_WARN_ENUM_CONVERSION = YES;
				CLANG_WARN_INFINITE_RECURSION = YES;
				CLANG_WARN_INT_CONVERSION = YES;
				CLANG_WARN_NON_LITERAL_NULL_CONVERSION = YES;
				CLANG_WARN_OBJC_IMPLICIT_RETAIN_SELF = YES;
				CLANG_WARN_OBJC_LITERAL_CONVERSION = YES;
				CLANG_WARN_OBJC_ROOT_CLASS = YES_ERROR;
				CLANG_WARN_QUOTED_INCLUDE_IN_FRAMEWORK_HEADER = YES;
				CLANG_WARN_RANGE_LOOP_ANALYSIS = YES;
				CLANG_WARN_STRICT_PROTOTYPES = YES;
				CLANG_WARN_SUSPICIOUS_MOVE = YES;
				CLANG_WARN_UNGUARDED_AVAILABILITY = YES_AGGRESSIVE;
				CLANG_WARN_UNREACHABLE_CODE = YES;
				CLANG_WARN__DUPLICATE_METHOD_MATCH = YES;
				COPY_PHASE_STRIP = NO;
				DEBUG_INFORMATION_FORMAT = "dwarf-with-dsym";
				ENABLE_NS_ASSERTIONS = NO;
				ENABLE_STRICT_OBJC_MSGSEND = YES;
				GCC_C_LANGUAGE_STANDARD = gnu11;
				GCC_NO_COMMON_BLOCKS = YES;
				GCC_WARN_64_TO_32_BIT_CONVERSION = YES;
				GCC_WARN_ABOUT_RETURN_TYPE = YES_ERROR;
				GCC_WARN_UNDECLARED_SELECTOR = YES;
				GCC_WARN_UNINITIALIZED_AUTOS = YES_AGGRESSIVE;
				GCC_WARN_UNUSED_FUNCTION = YES;
				GCC_WARN_UNUSED_VARIABLE = YES;
				IPHONEOS_DEPLOYMENT_TARGET = 14.5;
				MTL_ENABLE_DEBUG_INFO = NO;
				MTL_FAST_MATH = YES;
				SDKROOT = iphoneos;
				SWIFT_COMPILATION_MODE = wholemodule;
				SWIFT_OPTIMIZATION_LEVEL = "-O";
				VALIDATE_PRODUCT = YES;
			};
			name = Release;
		};
		41CEA3C526734EC6008F43E3 /* Debug */ = {
			isa = XCBuildConfiguration;
			buildSettings = {
				ASSETCATALOG_COMPILER_APPICON_NAME = AppIcon;
				ASSETCATALOG_COMPILER_GLOBAL_ACCENT_COLOR_NAME = AccentColor;
				CODE_SIGN_STYLE = Automatic;
				DEVELOPMENT_ASSET_PATHS = "\"Make Your Chord/Preview Content\"";
				DEVELOPMENT_TEAM = 68S28392QD;
				ENABLE_PREVIEWS = YES;
				INFOPLIST_FILE = "Make Your Chord/Info.plist";
				IPHONEOS_DEPLOYMENT_TARGET = 14.0;
				LD_RUNPATH_SEARCH_PATHS = (
					"$(inherited)",
					"@executable_path/Frameworks",
				);
				PRODUCT_BUNDLE_IDENTIFIER = "SeungWoo.Make-Your-Chord";
				PRODUCT_NAME = "$(TARGET_NAME)";
				SWIFT_VERSION = 5.0;
				TARGETED_DEVICE_FAMILY = "1,2";
			};
			name = Debug;
		};
		41CEA3C626734EC6008F43E3 /* Release */ = {
			isa = XCBuildConfiguration;
			buildSettings = {
				ASSETCATALOG_COMPILER_APPICON_NAME = AppIcon;
				ASSETCATALOG_COMPILER_GLOBAL_ACCENT_COLOR_NAME = AccentColor;
				CODE_SIGN_STYLE = Automatic;
				DEVELOPMENT_ASSET_PATHS = "\"Make Your Chord/Preview Content\"";
				DEVELOPMENT_TEAM = 68S28392QD;
				ENABLE_PREVIEWS = YES;
				INFOPLIST_FILE = "Make Your Chord/Info.plist";
				IPHONEOS_DEPLOYMENT_TARGET = 14.0;
				LD_RUNPATH_SEARCH_PATHS = (
					"$(inherited)",
					"@executable_path/Frameworks",
				);
				PRODUCT_BUNDLE_IDENTIFIER = "SeungWoo.Make-Your-Chord";
				PRODUCT_NAME = "$(TARGET_NAME)";
				SWIFT_VERSION = 5.0;
				TARGETED_DEVICE_FAMILY = "1,2";
			};
			name = Release;
		};
/* End XCBuildConfiguration section */

/* Begin XCConfigurationList section */
		41CEA3B026734EC3008F43E3 /* Build configuration list for PBXProject "Make Your Chord" */ = {
			isa = XCConfigurationList;
			buildConfigurations = (
				41CEA3C226734EC6008F43E3 /* Debug */,
				41CEA3C326734EC6008F43E3 /* Release */,
			);
			defaultConfigurationIsVisible = 0;
			defaultConfigurationName = Release;
		};
		41CEA3C426734EC6008F43E3 /* Build configuration list for PBXNativeTarget "Make Your Chord" */ = {
			isa = XCConfigurationList;
			buildConfigurations = (
				41CEA3C526734EC6008F43E3 /* Debug */,
				41CEA3C626734EC6008F43E3 /* Release */,
			);
			defaultConfigurationIsVisible = 0;
			defaultConfigurationName = Release;
		};
/* End XCConfigurationList section */
	};
	rootObject = 41CEA3AD26734EC3008F43E3 /* Project object */;
}
